<?xml version="1.0" encoding="UTF-8" standalone="yes" ?>
<CodeBlocks_project_file>
	<FileVersion major="1" minor="6" />
	<Project>
		<Option title="triplets_game" />
		<Option pch_mode="2" />
		<Option compiler="gcc" />
		<Build>
			<Target title="Debug">
				<Option output="bin/Debug/triplets_game" prefix_auto="1" extension_auto="1" />
				<Option object_output="obj/Debug/" />
				<Option type="1" />
				<Option compiler="gcc" />
				<Compiler>
					<Add option="-g" />
				</Compiler>
				<Linker>
					<Add library="C:\Program Files (x86)\CodeBlocks\MinGW\lib\libws2_32.a" />
				</Linker>
			</Target>
			<Target title="Release">
				<Option output="bin/Release/triplets_game" prefix_auto="1" extension_auto="1" />
				<Option object_output="obj/Release/" />
				<Option type="1" />
				<Option compiler="gcc" />
				<Compiler>
					<Add option="-O2" />
				</Compiler>
				<Linker>
					<Add option="-s" />
					<Add library="C:\Program Files (x86)\CodeBlocks\MinGW\lib\libws2_32.a" />
				</Linker>
			</Target>
			<Target title="Linux">
				<Option platforms="Unix;Mac;" />
				<Option output="triplets_game" prefix_auto="1" extension_auto="1" />
				<Option type="1" />
				<Option compiler="gcc" />
				<Option use_console_runner="0" />
				<Compiler>
					<Add option="-O2" />
				</Compiler>
				<Linker>
					<Add option="-s" />
					<Add library="C:\Program Files x86\CodeBlocks\MinGW\lib\libws2_32.a" />
					<Add library="C:\Program Files x86\CodeBlocks\MinGW\lib\libws2_32.a" />
				</Linker>
			</Target>
		</Build>
		<Compiler>
			<Add option="-Wall" />
		</Compiler>
		<Linker>
			<Add library="C:\Program Files (x86)\CodeBlocks\MinGW\lib\libws2_32.a" />
		</Linker>
		<Unit filename="PL_htmlui.h">
			<Option target="Debug" />
			<Option target="Release" />
		</Unit>
		<Unit filename="PL_ui.c">
			<Option compilerVar="CC" />
			<Option target="Debug" />
			<Option target="Release" />
		</Unit>
		<Unit filename="PL_ui.h">
			<Option target="Debug" />
			<Option target="Release" />
		</Unit>
		<Unit filename="PT_save_read_moves.c">
			<Option compilerVar="CC" />
			<Option target="Debug" />
			<Option target="Release" />
		</Unit>
		<Unit filename="PT_save_read_moves.h" />
		<Unit filename="SP.h">
			<Option target="Debug" />
			<Option target="Release" />
		</Unit>
		<Unit filename="SP_finish_game.c">
			<Option compilerVar="CC" />
		</Unit>
		<Unit filename="SP_random_move.c">
			<Option compilerVar="CC" />
		</Unit>
		<Unit filename="SP_smart_move.c">
			<Option compilerVar="CC" />
			<Option target="Debug" />
			<Option target="Release" />
		</Unit>
		<Unit filename="board.c">
			<Option compilerVar="CC" />
			<Option target="Debug" />
			<Option target="Release" />
		</Unit>
		<Unit filename="board.h">
			<Option target="Debug" />
			<Option target="Release" />
		</Unit>
		<Unit filename="data_structs.c">
			<Option compilerVar="CC" />
			<Option target="Debug" />
			<Option target="Release" />
		</Unit>
		<Unit filename="data_structs.h">
			<Option target="Debug" />
			<Option target="Release" />
		</Unit>
		<Unit filename="debug.c">
			<Option compilerVar="CC" />
			<Option target="Debug" />
			<Option target="Release" />
		</Unit>
		<Unit filename="game_mode.c">
			<Option compilerVar="CC" />
		</Unit>
		<Unit filename="game_mode.h" />
		<Unit filename="highscores.c">
			<Option compilerVar="CC" />
			<Option target="Debug" />
			<Option target="Release" />
		</Unit>
		<Unit filename="highscores.h">
			<Option target="Debug" />
			<Option target="Release" />
		</Unit>
		<Unit filename="main.c">
			<Option compilerVar="CC" />
			<Option target="Debug" />
			<Option target="Release" />
		</Unit>
		<Unit filename="main.h">
			<Option target="Debug" />
			<Option target="Release" />
		</Unit>
		<Unit filename="pl_htmlui.c">
			<Option compilerVar="CC" />
			<Option target="Debug" />
			<Option target="Release" />
		</Unit>
		<Unit filename="sockets.c">
			<Option compilerVar="CC" />
			<Option target="Debug" />
			<Option target="Release" />
		</Unit>
		<Unit filename="sockets.h">
			<Option target="Debug" />
			<Option target="Release" />
		</Unit>
		<Unit filename="util.c">
			<Option compilerVar="CC" />
			<Option target="Debug" />
			<Option target="Release" />
		</Unit>
		<Unit filename="util.h">
			<Option target="Debug" />
			<Option target="Release" />
		</Unit>
		<Extensions>
			<code_completion />
			<envvars />
			<debugger />
			<lib_finder disable_auto="1" />
		</Extensions>
	</Project>
</CodeBlocks_project_file>
